
Microsoft Visual Studio Solution File, Format Version 12.00
# Visual Studio Version 17
VisualStudioVersion = 17.4.33213.308
MinimumVisualStudioVersion = 10.0.40219.1
Project("{FAE04EC0-301F-11D3-BF4B-00C04F79EFBC}") = "Demo", "Demo\Demo.csproj", "{B7A70732-5CC8-4070-A0FA-DDC594A5AC18}"
EndProject
Project("{FAE04EC0-301F-11D3-BF4B-00C04F79EFBC}") = "Assignment", "Assignment\Assignment.csproj", "{7DE7D8DC-B050-4270-9A39-ED23E30A5BC4}"
EndProject
Global
	GlobalSection(SolutionConfigurationPlatforms) = preSolution
		Debug|Any CPU = Debug|Any CPU
		Release|Any CPU = Release|Any CPU
	EndGlobalSection
	GlobalSection(ProjectConfigurationPlatforms) = postSolution
		{B7A70732-5CC8-4070-A0FA-DDC594A5AC18}.Debug|Any CPU.ActiveCfg = Debug|Any CPU
		{B7A70732-5CC8-4070-A0FA-DDC594A5AC18}.Debug|Any CPU.Build.0 = Debug|Any CPU
		{B7A70732-5CC8-4070-A0FA-DDC594A5AC18}.Release|Any CPU.ActiveCfg = Release|Any CPU
		{B7A70732-5CC8-4070-A0FA-DDC594A5AC18}.Release|Any CPU.Build.0 = Release|Any CPU
		{7DE7D8DC-B050-4270-9A39-ED23E30A5BC4}.Debug|Any CPU.ActiveCfg = Debug|Any CPU
		{7DE7D8DC-B050-4270-9A39-ED23E30A5BC4}.Debug|Any CPU.Build.0 = Debug|Any CPU
		{7DE7D8DC-B050-4270-9A39-ED23E30A5BC4}.Release|Any CPU.ActiveCfg = Release|Any CPU
		{7DE7D8DC-B050-4270-9A39-ED23E30A5BC4}.Release|Any CPU.Build.0 = Release|Any CPU
	EndGlobalSection
	GlobalSection(SolutionProperties) = preSolution
		HideSolutionNode = FALSE
	EndGlobalSection
	GlobalSection(ExtensibilityGlobals) = postSolution
		SolutionGuid = {3B532FB2-1754-48B8-8FC0-1B94B517ED39}
	EndGlobalSection
EndGlobal
